
Microsoft Visual Studio Solution File, Format Version 12.00
# Visual Studio Version 16
VisualStudioVersion = 16.0.31205.134
MinimumVisualStudioVersion = 10.0.40219.1
Project("{FAE04EC0-301F-11D3-BF4B-00C04F79EFBC}") = "FA2_IPG_6955", "FA2_IPG_6955.csproj", "{C6454493-6AF2-4AAF-A97A-DBB2E8835165}"
EndProject
Global
	GlobalSection(SolutionConfigurationPlatforms) = preSolution
		Debug|Any CPU = Debug|Any CPU
		Release|Any CPU = Release|Any CPU
	EndGlobalSection
	GlobalSection(ProjectConfigurationPlatforms) = postSolution
		{C6454493-6AF2-4AAF-A97A-DBB2E8835165}.Debug|Any CPU.ActiveCfg = Debug|Any CPU
		{C6454493-6AF2-4AAF-A97A-DBB2E8835165}.Debug|Any CPU.Build.0 = Debug|Any CPU
		{C6454493-6AF2-4AAF-A97A-DBB2E8835165}.Release|Any CPU.ActiveCfg = Release|Any CPU
		{C6454493-6AF2-4AAF-A97A-DBB2E8835165}.Release|Any CPU.Build.0 = Release|Any CPU
	EndGlobalSection
	GlobalSection(SolutionProperties) = preSolution
		HideSolutionNode = FALSE
	EndGlobalSection
	GlobalSection(ExtensibilityGlobals) = postSolution
		SolutionGuid = {1B56D9C4-F6B5-42CE-9DD5-0C06B8CD97C2}
	EndGlobalSection
EndGlobal
